
Microsoft Visual Studio Solution File, Format Version 12.00
# Visual Studio 15
VisualStudioVersion = 15.0.27004.2005
MinimumVisualStudioVersion = 10.0.40219.1
Project("{2150E333-8FDC-42A3-9474-1A3956D46DE8}") = "Producer", "Producer", "{7CDDA86B-D905-43AF-B6FD-8712ECBF9A12}"
EndProject
Project("{2150E333-8FDC-42A3-9474-1A3956D46DE8}") = "Shipping", "Shipping", "{6B608190-46D5-4283-93AE-648B600D4169}"
EndProject
Project("{2150E333-8FDC-42A3-9474-1A3956D46DE8}") = "Buyer", "Buyer", "{E533A7F8-0F23-4C92-9916-21B7F91794FD}"
EndProject
Project("{FAE04EC0-301F-11D3-BF4B-00C04F79EFBC}") = "ProducerIoTDevices", "Producer\ProducerIoTDevices\ProducerIoTDevices.csproj", "{E1B9D91E-1388-43D3-87A9-A9D9E7D4A9AE}"
EndProject
Project("{2150E333-8FDC-42A3-9474-1A3956D46DE8}") = "ProducerEnvironmentAlert", "ProducerEnvironmentAlert", "{F50C2E5E-84EB-4EF2-83E1-854FDD25FFE7}"
EndProject
Project("{2150E333-8FDC-42A3-9474-1A3956D46DE8}") = "Shared", "Shared", "{E2CA69F1-8909-4BFF-9C6D-1C9B71BE238B}"
EndProject
Project("{2150E333-8FDC-42A3-9474-1A3956D46DE8}") = "SmartContracts", "SmartContracts", "{58E06CC4-1ABA-4414-8B79-47401FB7A22A}"
	ProjectSection(SolutionItems) = preProject
		Shared\SmartContracts\IoTEnvironmentSummary.sol = Shared\SmartContracts\IoTEnvironmentSummary.sol
		Shared\SmartContracts\IoTOracleContract.sol = Shared\SmartContracts\IoTOracleContract.sol
		Shared\SmartContracts\IoTOracleResolver.sol = Shared\SmartContracts\IoTOracleResolver.sol
	EndProjectSection
EndProject
Project("{2150E333-8FDC-42A3-9474-1A3956D46DE8}") = "contracts", "contracts", "{DC1B8B3A-1CC9-4975-A169-DEDA24833669}"
	ProjectSection(SolutionItems) = preProject
		Shared\contracts\IoTEnvironmentSummary.json = Shared\contracts\IoTEnvironmentSummary.json
		Shared\contracts\IoTOracleApp.json = Shared\contracts\IoTOracleApp.json
		Shared\contracts\IoTOracleContract.json = Shared\contracts\IoTOracleContract.json
		Shared\contracts\IoTOracleResolver.json = Shared\contracts\IoTOracleResolver.json
	EndProjectSection
EndProject
Project("{2150E333-8FDC-42A3-9474-1A3956D46DE8}") = "WebJob", "WebJob", "{2CCBB232-6EFF-45E5-ADD6-2259FC520750}"
EndProject
Project("{2150E333-8FDC-42A3-9474-1A3956D46DE8}") = "EthereumOracle", "EthereumOracle", "{59E4DCB6-9379-4E1F-B4EB-2E59B6777DB0}"
	ProjectSection(SolutionItems) = preProject
		Producer\ProducerEnvironmentAlert\WebJob\EthereumOracle\package.json = Producer\ProducerEnvironmentAlert\WebJob\EthereumOracle\package.json
		Producer\ProducerEnvironmentAlert\WebJob\EthereumOracle\run.js = Producer\ProducerEnvironmentAlert\WebJob\EthereumOracle\run.js
		Producer\ProducerEnvironmentAlert\WebJob\EthereumOracle\settings.job = Producer\ProducerEnvironmentAlert\WebJob\EthereumOracle\settings.job
	EndProjectSection
EndProject
Project("{2150E333-8FDC-42A3-9474-1A3956D46DE8}") = "EthereumWritter", "EthereumWritter", "{CA31E69D-08B5-4439-8623-0101510EBAA2}"
	ProjectSection(SolutionItems) = preProject
		Producer\ProducerEnvironmentAlert\WebJob\EthereumWritter\package.json = Producer\ProducerEnvironmentAlert\WebJob\EthereumWritter\package.json
		Producer\ProducerEnvironmentAlert\WebJob\EthereumWritter\run.js = Producer\ProducerEnvironmentAlert\WebJob\EthereumWritter\run.js
		Producer\ProducerEnvironmentAlert\WebJob\EthereumWritter\settings.job = Producer\ProducerEnvironmentAlert\WebJob\EthereumWritter\settings.job
	EndProjectSection
EndProject
Project("{2150E333-8FDC-42A3-9474-1A3956D46DE8}") = "contracts", "contracts", "{C3E05FB8-B61F-4776-A171-5C498932173F}"
	ProjectSection(SolutionItems) = preProject
		Producer\ProducerEnvironmentAlert\WebJob\EthereumWritter\contracts\IoTEnvironmentSummary.json = Producer\ProducerEnvironmentAlert\WebJob\EthereumWritter\contracts\IoTEnvironmentSummary.json
	EndProjectSection
EndProject
Project("{2150E333-8FDC-42A3-9474-1A3956D46DE8}") = "contracts", "contracts", "{2077264C-8138-4482-B96C-A1D9AAE9D44D}"
	ProjectSection(SolutionItems) = preProject
		Producer\ProducerEnvironmentAlert\WebJob\EthereumOracle\contracts\IoTEnvironmentSummary.json = Producer\ProducerEnvironmentAlert\WebJob\EthereumOracle\contracts\IoTEnvironmentSummary.json
		Producer\ProducerEnvironmentAlert\WebJob\EthereumOracle\contracts\IoTOracleContract.json = Producer\ProducerEnvironmentAlert\WebJob\EthereumOracle\contracts\IoTOracleContract.json
	EndProjectSection
EndProject
Project("{2150E333-8FDC-42A3-9474-1A3956D46DE8}") = "FunctionApp", "FunctionApp", "{F5171FC0-3CCA-40B7-9494-08E27863D071}"
EndProject
Project("{2150E333-8FDC-42A3-9474-1A3956D46DE8}") = "obsolete", "obsolete", "{726D3EF4-6D65-41F2-BB29-F6266C6C2AD5}"
	ProjectSection(SolutionItems) = preProject
		Producer\ProducerEnvironmentAlert\FunctionApp\obsolete\index.js = Producer\ProducerEnvironmentAlert\FunctionApp\obsolete\index.js
		Producer\ProducerEnvironmentAlert\FunctionApp\obsolete\package.json = Producer\ProducerEnvironmentAlert\FunctionApp\obsolete\package.json
	EndProjectSection
EndProject
Global
	GlobalSection(SolutionConfigurationPlatforms) = preSolution
		Debug|Any CPU = Debug|Any CPU
		Release|Any CPU = Release|Any CPU
	EndGlobalSection
	GlobalSection(ProjectConfigurationPlatforms) = postSolution
		{E1B9D91E-1388-43D3-87A9-A9D9E7D4A9AE}.Debug|Any CPU.ActiveCfg = Debug|Any CPU
		{E1B9D91E-1388-43D3-87A9-A9D9E7D4A9AE}.Debug|Any CPU.Build.0 = Debug|Any CPU
		{E1B9D91E-1388-43D3-87A9-A9D9E7D4A9AE}.Release|Any CPU.ActiveCfg = Release|Any CPU
		{E1B9D91E-1388-43D3-87A9-A9D9E7D4A9AE}.Release|Any CPU.Build.0 = Release|Any CPU
	EndGlobalSection
	GlobalSection(SolutionProperties) = preSolution
		HideSolutionNode = FALSE
	EndGlobalSection
	GlobalSection(NestedProjects) = preSolution
		{E1B9D91E-1388-43D3-87A9-A9D9E7D4A9AE} = {7CDDA86B-D905-43AF-B6FD-8712ECBF9A12}
		{F50C2E5E-84EB-4EF2-83E1-854FDD25FFE7} = {7CDDA86B-D905-43AF-B6FD-8712ECBF9A12}
		{58E06CC4-1ABA-4414-8B79-47401FB7A22A} = {E2CA69F1-8909-4BFF-9C6D-1C9B71BE238B}
		{DC1B8B3A-1CC9-4975-A169-DEDA24833669} = {E2CA69F1-8909-4BFF-9C6D-1C9B71BE238B}
		{2CCBB232-6EFF-45E5-ADD6-2259FC520750} = {F50C2E5E-84EB-4EF2-83E1-854FDD25FFE7}
		{59E4DCB6-9379-4E1F-B4EB-2E59B6777DB0} = {2CCBB232-6EFF-45E5-ADD6-2259FC520750}
		{CA31E69D-08B5-4439-8623-0101510EBAA2} = {2CCBB232-6EFF-45E5-ADD6-2259FC520750}
		{C3E05FB8-B61F-4776-A171-5C498932173F} = {CA31E69D-08B5-4439-8623-0101510EBAA2}
		{2077264C-8138-4482-B96C-A1D9AAE9D44D} = {59E4DCB6-9379-4E1F-B4EB-2E59B6777DB0}
		{F5171FC0-3CCA-40B7-9494-08E27863D071} = {F50C2E5E-84EB-4EF2-83E1-854FDD25FFE7}
		{726D3EF4-6D65-41F2-BB29-F6266C6C2AD5} = {F5171FC0-3CCA-40B7-9494-08E27863D071}
	EndGlobalSection
	GlobalSection(ExtensibilityGlobals) = postSolution
		EnterpriseLibraryConfigurationToolBinariesPathV6 = packages\EnterpriseLibrary.TransientFaultHandling.6.0.1304.0\lib\portable-net45+win+wp8
		SolutionGuid = {6992DC17-5DBA-4DD3-9118-916BBBCAB5B9}
	EndGlobalSection
EndGlobal
